
Microsoft Visual Studio Solution File, Format Version 12.00
# Visual Studio Version 16
VisualStudioVersion = 16.0.31019.35
MinimumVisualStudioVersion = 10.0.40219.1
Project("{FAE04EC0-301F-11D3-BF4B-00C04F79EFBC}") = "FunWithConsole", "FunWithConsole.csproj", "{A3771871-F221-4639-A393-352E1C0966BF}"
EndProject
Global
	GlobalSection(SolutionConfigurationPlatforms) = preSolution
		Debug|Any CPU = Debug|Any CPU
		Release|Any CPU = Release|Any CPU
	EndGlobalSection
	GlobalSection(ProjectConfigurationPlatforms) = postSolution
		{A3771871-F221-4639-A393-352E1C0966BF}.Debug|Any CPU.ActiveCfg = Debug|Any CPU
		{A3771871-F221-4639-A393-352E1C0966BF}.Debug|Any CPU.Build.0 = Debug|Any CPU
		{A3771871-F221-4639-A393-352E1C0966BF}.Release|Any CPU.ActiveCfg = Release|Any CPU
		{A3771871-F221-4639-A393-352E1C0966BF}.Release|Any CPU.Build.0 = Release|Any CPU
	EndGlobalSection
	GlobalSection(SolutionProperties) = preSolution
		HideSolutionNode = FALSE
	EndGlobalSection
	GlobalSection(ExtensibilityGlobals) = postSolution
		SolutionGuid = {4767CE70-5549-4A06-BA2B-27377A120F71}
	EndGlobalSection
EndGlobal
